<?xml version="1.0" encoding="utf-8"?>
<Project ToolsVersion="4.0" xmlns="http://schemas.microsoft.com/developer/msbuild/2003">
  <ItemGroup>
    <Filter Include="Source Files">
      <UniqueIdentifier>{4FC737F1-C7A5-4376-A066-2A32D752A2FF}</UniqueIdentifier>
      <Extensions>cpp;c;cc;cxx;def;odl;idl;hpj;bat;asm;asmx</Extensions>
    </Filter>
    <Filter Include="Header Files">
      <UniqueIdentifier>{93995380-89BD-4b04-88EB-625FBE52EBFB}</UniqueIdentifier>
      <Extensions>h;hpp;hxx;hm;inl;inc;xsd</Extensions>
    </Filter>
    <Filter Include="Resource Files">
      <UniqueIdentifier>{67DA6AB6-F800-4c08-8B7A-83BB121AAD01}</UniqueIdentifier>
      <Extensions>rc;ico;cur;bmp;dlg;rc2;rct;bin;rgs;gif;jpg;jpeg;jpe;resx;tiff;tif;png;wav</Extensions>
    </Filter>
  </ItemGroup>
  <ItemGroup>
    <ClCompile Include="raytracer.cpp">
      <Filter>Source Files</Filter>
    </ClCompile>
    <ClCompile Include="spa.cpp">
      <Filter>Source Files</Filter>
    </ClCompile>
    <ClCompile Include="phaseFunction.cpp">
      <Filter>Source Files</Filter>
    </ClCompile>
    <ClCompile Include="spectrum_to_rgb.cpp">
      <Filter>Source Files</Filter>
    </ClCompile>
    <ClCompile Include="dropvolume2.cpp">
      <Filter>Source Files</Filter>
    </ClCompile>
    <ClCompile Include="optical_depth.cpp">
      <Filter>Source Files</Filter>
    </ClCompile>
    <ClCompile Include="irradiance_sun.cpp">
      <Filter>Source Files</Filter>
    </ClCompile>
  </ItemGroup>
  <ItemGroup>
    <ClInclude Include="cvec.h">
      <Filter>Header Files</Filter>
    </ClInclude>
    <ClInclude Include="irradiance_sun.h">
      <Filter>Header Files</Filter>
    </ClInclude>
    <ClInclude Include="matrix4.h">
      <Filter>Header Files</Filter>
    </ClInclude>
    <ClInclude Include="optical_depth.h">
      <Filter>Header Files</Filter>
    </ClInclude>
    <ClInclude Include="phaseFunction.h">
      <Filter>Header Files</Filter>
    </ClInclude>
    <ClInclude Include="spa.h">
      <Filter>Header Files</Filter>
    </ClInclude>
    <ClInclude Include="spectrum_to_rgb.h">
      <Filter>Header Files</Filter>
    </ClInclude>
    <ClInclude Include="sphere.h">
      <Filter>Header Files</Filter>
    </ClInclude>
    <ClInclude Include="dropvolume.h">
      <Filter>Header Files</Filter>
    </ClInclude>
    <ClInclude Include="raytracer.h">
      <Filter>Header Files</Filter>
    </ClInclude>
  </ItemGroup>
  <ItemGroup>
    <Text Include="messageFile.txt" />
    <Text Include="rainbow\phaseFunction2_120_100.txt" />
    <Text Include="rainbow\scattering2_120.txt" />
  </ItemGroup>
</Project>